
Microsoft Visual Studio Solution File, Format Version 12.00
# Visual Studio Version 17
VisualStudioVersion = 17.4.33205.214
MinimumVisualStudioVersion = 10.0.40219.1
Project("{FAE04EC0-301F-11D3-BF4B-00C04F79EFBC}") = "Test_Travel", "Test_Travel\Test_Travel.csproj", "{A01C7EC6-6F01-496B-956F-EE3CF12866D4}"
EndProject
Global
	GlobalSection(SolutionConfigurationPlatforms) = preSolution
		Debug|Any CPU = Debug|Any CPU
		Release|Any CPU = Release|Any CPU
	EndGlobalSection
	GlobalSection(ProjectConfigurationPlatforms) = postSolution
		{A01C7EC6-6F01-496B-956F-EE3CF12866D4}.Debug|Any CPU.ActiveCfg = Debug|Any CPU
		{A01C7EC6-6F01-496B-956F-EE3CF12866D4}.Debug|Any CPU.Build.0 = Debug|Any CPU
		{A01C7EC6-6F01-496B-956F-EE3CF12866D4}.Release|Any CPU.ActiveCfg = Release|Any CPU
		{A01C7EC6-6F01-496B-956F-EE3CF12866D4}.Release|Any CPU.Build.0 = Release|Any CPU
	EndGlobalSection
	GlobalSection(SolutionProperties) = preSolution
		HideSolutionNode = FALSE
	EndGlobalSection
	GlobalSection(ExtensibilityGlobals) = postSolution
		SolutionGuid = {20C884D8-4DC4-4FEE-BE30-B66BEEDA2BB8}
	EndGlobalSection
EndGlobal
